
Microsoft Visual Studio Solution File, Format Version 12.00
# Visual Studio Version 17
VisualStudioVersion = 17.1.32210.238
MinimumVisualStudioVersion = 10.0.40219.1
Project("{FAE04EC0-301F-11D3-BF4B-00C04F79EFBC}") = "Task1", "Task1\Task1.csproj", "{F6678566-F825-44F5-B72F-5AF9454D15AB}"
EndProject
Project("{FAE04EC0-301F-11D3-BF4B-00C04F79EFBC}") = "Task1.2", "Task1.2\Task1.2.csproj", "{BD14F003-9370-4111-B638-AF15BFCE18C8}"
EndProject
Project("{FAE04EC0-301F-11D3-BF4B-00C04F79EFBC}") = "Task1.3", "Task1.3\Task1.3.csproj", "{C637AF60-2DBB-404F-ABDF-279B083BCED4}"
EndProject
Project("{FAE04EC0-301F-11D3-BF4B-00C04F79EFBC}") = "Task1.4", "Task1.4\Task1.4.csproj", "{EFB8B336-86E4-439B-BD84-6CE92F118F2A}"
EndProject
Project("{FAE04EC0-301F-11D3-BF4B-00C04F79EFBC}") = "Task1.5", "Task1.5\Task1.5.csproj", "{2C91F19F-0A2B-45AC-8CEC-586DF5080DE7}"
EndProject
Global
	GlobalSection(SolutionConfigurationPlatforms) = preSolution
		Debug|Any CPU = Debug|Any CPU
		Release|Any CPU = Release|Any CPU
	EndGlobalSection
	GlobalSection(ProjectConfigurationPlatforms) = postSolution
		{F6678566-F825-44F5-B72F-5AF9454D15AB}.Debug|Any CPU.ActiveCfg = Debug|Any CPU
		{F6678566-F825-44F5-B72F-5AF9454D15AB}.Debug|Any CPU.Build.0 = Debug|Any CPU
		{F6678566-F825-44F5-B72F-5AF9454D15AB}.Release|Any CPU.ActiveCfg = Release|Any CPU
		{F6678566-F825-44F5-B72F-5AF9454D15AB}.Release|Any CPU.Build.0 = Release|Any CPU
		{BD14F003-9370-4111-B638-AF15BFCE18C8}.Debug|Any CPU.ActiveCfg = Debug|Any CPU
		{BD14F003-9370-4111-B638-AF15BFCE18C8}.Debug|Any CPU.Build.0 = Debug|Any CPU
		{BD14F003-9370-4111-B638-AF15BFCE18C8}.Release|Any CPU.ActiveCfg = Release|Any CPU
		{BD14F003-9370-4111-B638-AF15BFCE18C8}.Release|Any CPU.Build.0 = Release|Any CPU
		{C637AF60-2DBB-404F-ABDF-279B083BCED4}.Debug|Any CPU.ActiveCfg = Debug|Any CPU
		{C637AF60-2DBB-404F-ABDF-279B083BCED4}.Debug|Any CPU.Build.0 = Debug|Any CPU
		{C637AF60-2DBB-404F-ABDF-279B083BCED4}.Release|Any CPU.ActiveCfg = Release|Any CPU
		{C637AF60-2DBB-404F-ABDF-279B083BCED4}.Release|Any CPU.Build.0 = Release|Any CPU
		{EFB8B336-86E4-439B-BD84-6CE92F118F2A}.Debug|Any CPU.ActiveCfg = Debug|Any CPU
		{EFB8B336-86E4-439B-BD84-6CE92F118F2A}.Debug|Any CPU.Build.0 = Debug|Any CPU
		{EFB8B336-86E4-439B-BD84-6CE92F118F2A}.Release|Any CPU.ActiveCfg = Release|Any CPU
		{EFB8B336-86E4-439B-BD84-6CE92F118F2A}.Release|Any CPU.Build.0 = Release|Any CPU
		{2C91F19F-0A2B-45AC-8CEC-586DF5080DE7}.Debug|Any CPU.ActiveCfg = Debug|Any CPU
		{2C91F19F-0A2B-45AC-8CEC-586DF5080DE7}.Debug|Any CPU.Build.0 = Debug|Any CPU
		{2C91F19F-0A2B-45AC-8CEC-586DF5080DE7}.Release|Any CPU.ActiveCfg = Release|Any CPU
		{2C91F19F-0A2B-45AC-8CEC-586DF5080DE7}.Release|Any CPU.Build.0 = Release|Any CPU
	EndGlobalSection
	GlobalSection(SolutionProperties) = preSolution
		HideSolutionNode = FALSE
	EndGlobalSection
	GlobalSection(ExtensibilityGlobals) = postSolution
		SolutionGuid = {F6E2F468-7261-49B3-908E-64ECE00B6EF4}
	EndGlobalSection
EndGlobal
